
Microsoft Visual Studio Solution File, Format Version 12.00
# Visual Studio Version 17
VisualStudioVersion = 17.1.32328.378
MinimumVisualStudioVersion = 10.0.40219.1
Project("{9A19103F-16F7-4668-BE54-9A1E7A4F7556}") = "PracticeWebApi", "PracticeWebApi\PracticeWebApi.csproj", "{5BFAC7AB-B293-4DA6-9E54-CF7911B9ECB8}"
EndProject
Project("{9A19103F-16F7-4668-BE54-9A1E7A4F7556}") = "PracticeWebApi.Data", "PracticeWebApi.Data\PracticeWebApi.Data.csproj", "{0E668F52-8362-4D04-9A2F-BC3EE04571D9}"
EndProject
Project("{9A19103F-16F7-4668-BE54-9A1E7A4F7556}") = "PracticeWebApi.Common", "PracticeWebApi.Common\PracticeWebApi.Common.csproj", "{2DCB1C10-DD85-4C42-86ED-A94186BF290F}"
EndProject
Project("{FAE04EC0-301F-11D3-BF4B-00C04F79EFBC}") = "PracticeWebApi.Business", "PracticeWebApi.Business\PracticeWebApi.Business.csproj", "{1A3F9213-4BDA-41AF-BA1B-747556F9EE3F}"
EndProject
Global
	GlobalSection(SolutionConfigurationPlatforms) = preSolution
		Debug|Any CPU = Debug|Any CPU
		Release|Any CPU = Release|Any CPU
	EndGlobalSection
	GlobalSection(ProjectConfigurationPlatforms) = postSolution
		{5BFAC7AB-B293-4DA6-9E54-CF7911B9ECB8}.Debug|Any CPU.ActiveCfg = Debug|Any CPU
		{5BFAC7AB-B293-4DA6-9E54-CF7911B9ECB8}.Debug|Any CPU.Build.0 = Debug|Any CPU
		{5BFAC7AB-B293-4DA6-9E54-CF7911B9ECB8}.Release|Any CPU.ActiveCfg = Release|Any CPU
		{5BFAC7AB-B293-4DA6-9E54-CF7911B9ECB8}.Release|Any CPU.Build.0 = Release|Any CPU
		{0E668F52-8362-4D04-9A2F-BC3EE04571D9}.Debug|Any CPU.ActiveCfg = Debug|Any CPU
		{0E668F52-8362-4D04-9A2F-BC3EE04571D9}.Debug|Any CPU.Build.0 = Debug|Any CPU
		{0E668F52-8362-4D04-9A2F-BC3EE04571D9}.Release|Any CPU.ActiveCfg = Release|Any CPU
		{0E668F52-8362-4D04-9A2F-BC3EE04571D9}.Release|Any CPU.Build.0 = Release|Any CPU
		{2DCB1C10-DD85-4C42-86ED-A94186BF290F}.Debug|Any CPU.ActiveCfg = Debug|Any CPU
		{2DCB1C10-DD85-4C42-86ED-A94186BF290F}.Debug|Any CPU.Build.0 = Debug|Any CPU
		{2DCB1C10-DD85-4C42-86ED-A94186BF290F}.Release|Any CPU.ActiveCfg = Release|Any CPU
		{2DCB1C10-DD85-4C42-86ED-A94186BF290F}.Release|Any CPU.Build.0 = Release|Any CPU
		{1A3F9213-4BDA-41AF-BA1B-747556F9EE3F}.Debug|Any CPU.ActiveCfg = Debug|Any CPU
		{1A3F9213-4BDA-41AF-BA1B-747556F9EE3F}.Debug|Any CPU.Build.0 = Debug|Any CPU
		{1A3F9213-4BDA-41AF-BA1B-747556F9EE3F}.Release|Any CPU.ActiveCfg = Release|Any CPU
		{1A3F9213-4BDA-41AF-BA1B-747556F9EE3F}.Release|Any CPU.Build.0 = Release|Any CPU
	EndGlobalSection
	GlobalSection(SolutionProperties) = preSolution
		HideSolutionNode = FALSE
	EndGlobalSection
	GlobalSection(ExtensibilityGlobals) = postSolution
		SolutionGuid = {230399A1-CCB6-449B-B21F-49BFACE89017}
	EndGlobalSection
EndGlobal
